
Microsoft Visual Studio Solution File, Format Version 12.00
# Visual Studio Version 16
VisualStudioVersion = 16.0.32126.315
MinimumVisualStudioVersion = 10.0.40219.1
Project("{FAE04EC0-301F-11D3-BF4B-00C04F79EFBC}") = "taskM", "taskM\taskM.csproj", "{094C42F9-2421-43E5-ADE6-7FBDA14DEED6}"
EndProject
Global
	GlobalSection(SolutionConfigurationPlatforms) = preSolution
		Debug|Any CPU = Debug|Any CPU
		Release|Any CPU = Release|Any CPU
	EndGlobalSection
	GlobalSection(ProjectConfigurationPlatforms) = postSolution
		{094C42F9-2421-43E5-ADE6-7FBDA14DEED6}.Debug|Any CPU.ActiveCfg = Debug|Any CPU
		{094C42F9-2421-43E5-ADE6-7FBDA14DEED6}.Debug|Any CPU.Build.0 = Debug|Any CPU
		{094C42F9-2421-43E5-ADE6-7FBDA14DEED6}.Release|Any CPU.ActiveCfg = Release|Any CPU
		{094C42F9-2421-43E5-ADE6-7FBDA14DEED6}.Release|Any CPU.Build.0 = Release|Any CPU
	EndGlobalSection
	GlobalSection(SolutionProperties) = preSolution
		HideSolutionNode = FALSE
	EndGlobalSection
	GlobalSection(ExtensibilityGlobals) = postSolution
		SolutionGuid = {6055D3AB-26D7-4124-B5DD-3834C67C9ECB}
	EndGlobalSection
EndGlobal
